
Microsoft Visual Studio Solution File, Format Version 12.00
# Visual Studio Version 17
VisualStudioVersion = 17.0.31606.5
MinimumVisualStudioVersion = 10.0.40219.1
Project("{9A19103F-16F7-4668-BE54-9A1E7A4F7556}") = "Bot", "Bot\Bot.csproj", "{36810F82-2D02-44A5-A8B1-FB908E350FCE}"
EndProject
Project("{9A19103F-16F7-4668-BE54-9A1E7A4F7556}") = "Bot.Tests", "Bot.Tests\Bot.Tests.csproj", "{EE76EDDC-7A69-40CD-AFA4-B4B5C7380396}"
EndProject
Project("{FAE04EC0-301F-11D3-BF4B-00C04F79EFBC}") = "Bot.Money", "Bot.Money\Bot.Money.csproj", "{00D9933F-C528-43B2-849E-EEEBB46E7B4E}"
EndProject
Project("{FAE04EC0-301F-11D3-BF4B-00C04F79EFBC}") = "Bot.Abstractions", "Bot.Abstractions\Bot.Abstractions.csproj", "{081ACE06-0E1C-4008-9C30-B93867A57EE3}"
EndProject
Global
	GlobalSection(SolutionConfigurationPlatforms) = preSolution
		Debug|Any CPU = Debug|Any CPU
		Release|Any CPU = Release|Any CPU
	EndGlobalSection
	GlobalSection(ProjectConfigurationPlatforms) = postSolution
		{36810F82-2D02-44A5-A8B1-FB908E350FCE}.Debug|Any CPU.ActiveCfg = Debug|Any CPU
		{36810F82-2D02-44A5-A8B1-FB908E350FCE}.Debug|Any CPU.Build.0 = Debug|Any CPU
		{36810F82-2D02-44A5-A8B1-FB908E350FCE}.Release|Any CPU.ActiveCfg = Release|Any CPU
		{36810F82-2D02-44A5-A8B1-FB908E350FCE}.Release|Any CPU.Build.0 = Release|Any CPU
		{EE76EDDC-7A69-40CD-AFA4-B4B5C7380396}.Debug|Any CPU.ActiveCfg = Debug|Any CPU
		{EE76EDDC-7A69-40CD-AFA4-B4B5C7380396}.Debug|Any CPU.Build.0 = Debug|Any CPU
		{EE76EDDC-7A69-40CD-AFA4-B4B5C7380396}.Release|Any CPU.ActiveCfg = Release|Any CPU
		{EE76EDDC-7A69-40CD-AFA4-B4B5C7380396}.Release|Any CPU.Build.0 = Release|Any CPU
		{00D9933F-C528-43B2-849E-EEEBB46E7B4E}.Debug|Any CPU.ActiveCfg = Debug|Any CPU
		{00D9933F-C528-43B2-849E-EEEBB46E7B4E}.Debug|Any CPU.Build.0 = Debug|Any CPU
		{00D9933F-C528-43B2-849E-EEEBB46E7B4E}.Release|Any CPU.ActiveCfg = Release|Any CPU
		{00D9933F-C528-43B2-849E-EEEBB46E7B4E}.Release|Any CPU.Build.0 = Release|Any CPU
		{081ACE06-0E1C-4008-9C30-B93867A57EE3}.Debug|Any CPU.ActiveCfg = Debug|Any CPU
		{081ACE06-0E1C-4008-9C30-B93867A57EE3}.Debug|Any CPU.Build.0 = Debug|Any CPU
		{081ACE06-0E1C-4008-9C30-B93867A57EE3}.Release|Any CPU.ActiveCfg = Release|Any CPU
		{081ACE06-0E1C-4008-9C30-B93867A57EE3}.Release|Any CPU.Build.0 = Release|Any CPU
	EndGlobalSection
	GlobalSection(SolutionProperties) = preSolution
		HideSolutionNode = FALSE
	EndGlobalSection
	GlobalSection(ExtensibilityGlobals) = postSolution
		SolutionGuid = {ABB0545E-B7F0-4096-834B-A534C0DFC771}
	EndGlobalSection
EndGlobal
