
Microsoft Visual Studio Solution File, Format Version 12.00
# Visual Studio Version 17
VisualStudioVersion = 17.0.31606.5
MinimumVisualStudioVersion = 10.0.40219.1
Project("{9A19103F-16F7-4668-BE54-9A1E7A4F7556}") = "Bot", "src\Bot\Bot.csproj", "{36810F82-2D02-44A5-A8B1-FB908E350FCE}"
EndProject
Project("{9A19103F-16F7-4668-BE54-9A1E7A4F7556}") = "Bot.Money", "src\Bot.Money\Bot.Money.csproj", "{00D9933F-C528-43B2-849E-EEEBB46E7B4E}"
EndProject
Project("{9A19103F-16F7-4668-BE54-9A1E7A4F7556}") = "Bot.Core", "src\Bot.Core\Bot.Core.csproj", "{CE11BAE3-977F-4593-8146-08AECB9D22FB}"
EndProject
Project("{9A19103F-16F7-4668-BE54-9A1E7A4F7556}") = "Bot.Youtube", "src\Bot.Youtube\Bot.Youtube.csproj", "{55A76D5E-FE38-445A-9425-2C9A32F78853}"
EndProject
Project("{9A19103F-16F7-4668-BE54-9A1E7A4F7556}") = "Bot.Money.Tests", "tests\Bot.Money.Tests\Bot.Money.Tests.csproj", "{F6EEAC54-B4C1-4856-B334-EF204C64C7F9}"
EndProject
Project("{9A19103F-16F7-4668-BE54-9A1E7A4F7556}") = "Bot.Core.Tests", "tests\Bot.Core.Tests\Bot.Core.Tests.csproj", "{5B40B686-4200-4392-B623-A47713F2E927}"
EndProject
Project("{2150E333-8FDC-42A3-9474-1A3956D46DE8}") = "Tests", "Tests", "{921B20A9-1F9C-44AB-8768-3D6F57307DB7}"
EndProject
Project("{2150E333-8FDC-42A3-9474-1A3956D46DE8}") = "Bots", "Bots", "{3AB4EEC2-77F4-4595-9C08-6A6058CAD46E}"
EndProject
Global
	GlobalSection(SolutionConfigurationPlatforms) = preSolution
		Debug|Any CPU = Debug|Any CPU
		Release|Any CPU = Release|Any CPU
	EndGlobalSection
	GlobalSection(ProjectConfigurationPlatforms) = postSolution
		{36810F82-2D02-44A5-A8B1-FB908E350FCE}.Debug|Any CPU.ActiveCfg = Debug|Any CPU
		{36810F82-2D02-44A5-A8B1-FB908E350FCE}.Debug|Any CPU.Build.0 = Debug|Any CPU
		{36810F82-2D02-44A5-A8B1-FB908E350FCE}.Release|Any CPU.ActiveCfg = Release|Any CPU
		{36810F82-2D02-44A5-A8B1-FB908E350FCE}.Release|Any CPU.Build.0 = Release|Any CPU
		{00D9933F-C528-43B2-849E-EEEBB46E7B4E}.Debug|Any CPU.ActiveCfg = Debug|Any CPU
		{00D9933F-C528-43B2-849E-EEEBB46E7B4E}.Debug|Any CPU.Build.0 = Debug|Any CPU
		{00D9933F-C528-43B2-849E-EEEBB46E7B4E}.Release|Any CPU.ActiveCfg = Release|Any CPU
		{00D9933F-C528-43B2-849E-EEEBB46E7B4E}.Release|Any CPU.Build.0 = Release|Any CPU
		{CE11BAE3-977F-4593-8146-08AECB9D22FB}.Debug|Any CPU.ActiveCfg = Debug|Any CPU
		{CE11BAE3-977F-4593-8146-08AECB9D22FB}.Debug|Any CPU.Build.0 = Debug|Any CPU
		{CE11BAE3-977F-4593-8146-08AECB9D22FB}.Release|Any CPU.ActiveCfg = Release|Any CPU
		{CE11BAE3-977F-4593-8146-08AECB9D22FB}.Release|Any CPU.Build.0 = Release|Any CPU
		{55A76D5E-FE38-445A-9425-2C9A32F78853}.Debug|Any CPU.ActiveCfg = Debug|Any CPU
		{55A76D5E-FE38-445A-9425-2C9A32F78853}.Debug|Any CPU.Build.0 = Debug|Any CPU
		{55A76D5E-FE38-445A-9425-2C9A32F78853}.Release|Any CPU.ActiveCfg = Release|Any CPU
		{55A76D5E-FE38-445A-9425-2C9A32F78853}.Release|Any CPU.Build.0 = Release|Any CPU
		{F6EEAC54-B4C1-4856-B334-EF204C64C7F9}.Debug|Any CPU.ActiveCfg = Debug|Any CPU
		{F6EEAC54-B4C1-4856-B334-EF204C64C7F9}.Debug|Any CPU.Build.0 = Debug|Any CPU
		{F6EEAC54-B4C1-4856-B334-EF204C64C7F9}.Release|Any CPU.ActiveCfg = Release|Any CPU
		{F6EEAC54-B4C1-4856-B334-EF204C64C7F9}.Release|Any CPU.Build.0 = Release|Any CPU
		{5B40B686-4200-4392-B623-A47713F2E927}.Debug|Any CPU.ActiveCfg = Debug|Any CPU
		{5B40B686-4200-4392-B623-A47713F2E927}.Debug|Any CPU.Build.0 = Debug|Any CPU
		{5B40B686-4200-4392-B623-A47713F2E927}.Release|Any CPU.ActiveCfg = Release|Any CPU
		{5B40B686-4200-4392-B623-A47713F2E927}.Release|Any CPU.Build.0 = Release|Any CPU
	EndGlobalSection
	GlobalSection(SolutionProperties) = preSolution
		HideSolutionNode = FALSE
	EndGlobalSection
	GlobalSection(NestedProjects) = preSolution
		{00D9933F-C528-43B2-849E-EEEBB46E7B4E} = {3AB4EEC2-77F4-4595-9C08-6A6058CAD46E}
		{55A76D5E-FE38-445A-9425-2C9A32F78853} = {3AB4EEC2-77F4-4595-9C08-6A6058CAD46E}
		{F6EEAC54-B4C1-4856-B334-EF204C64C7F9} = {921B20A9-1F9C-44AB-8768-3D6F57307DB7}
		{5B40B686-4200-4392-B623-A47713F2E927} = {921B20A9-1F9C-44AB-8768-3D6F57307DB7}
	EndGlobalSection
	GlobalSection(ExtensibilityGlobals) = postSolution
		SolutionGuid = {ABB0545E-B7F0-4096-834B-A534C0DFC771}
	EndGlobalSection
EndGlobal
